{"SurveyEntry":{"SurveyID":"SV_bl5obktAOm1MJn0","SurveyName":"Workshop Survey Template","SurveyDescription":null,"SurveyOwnerID":"UR_8GOTTJz8oRu1lKB","SurveyBrandID":"farmingdale","DivisionID":null,"SurveyLanguage":"EN","SurveyActiveResponseSet":"RS_0VvF3E9lx5ji8Mm","SurveyStatus":"Inactive","SurveyStartDate":"0000-00-00 00:00:00","SurveyExpirationDate":"0000-00-00 00:00:00","SurveyCreationDate":"2025-11-04 05:48:33","CreatorID":"UR_8GOTTJz8oRu1lKB","LastModified":"2025-11-04 06:03:23","LastAccessed":"0000-00-00 00:00:00","LastActivated":"0000-00-00 00:00:00","Deleted":null},"SurveyElements":[{"SurveyID":"SV_bl5obktAOm1MJn0","Element":"BL","PrimaryAttribute":"Survey Blocks","SecondaryAttribute":null,"TertiaryAttribute":null,"Payload":[{"Type":"Default","Description":"Demographics","ID":"BL_e9f6gOdD0IpAgN8","BlockElements":[{"Type":"Question","QuestionID":"QID1"},{"Type":"Question","QuestionID":"QID2"},{"Type":"Question","QuestionID":"QID3"}],"Options":{"BlockLocking":"false","RandomizeQuestions":"false","BlockVisibility":"Collapsed"}},{"Type":"Trash","Description":"Trash \/ Unused Questions","ID":"BL_cMS2bkdR9JsBZoq","BlockElements":[{"Type":"Question","QuestionID":"QID19"},{"Type":"Question","QuestionID":"QID20"},{"Type":"Question","QuestionID":"QID21"},{"Type":"Question","QuestionID":"QID22"},{"Type":"Question","QuestionID":"QID23"},{"Type":"Question","QuestionID":"QID24"},{"Type":"Question","QuestionID":"QID25"},{"Type":"Question","QuestionID":"QID26"},{"Type":"Question","QuestionID":"QID27"},{"Type":"Question","QuestionID":"QID28"},{"Type":"Question","QuestionID":"QID29"}]},{"Type":"Standard","SubType":"","Description":"Informed Consent","ID":"BL_cwP4ZAeUKpb8LgG","BlockElements":[{"Type":"Question","QuestionID":"QID4"}],"Options":{"BlockLocking":"false","RandomizeQuestions":"false","BlockVisibility":"Collapsed"}},{"Type":"Standard","SubType":"","Description":"School","ID":"BL_5bEcJXuFIWu5PZc","BlockElements":[{"Type":"Question","QuestionID":"QID5"}],"Options":{"BlockLocking":"false","RandomizeQuestions":"false","BlockVisibility":"Collapsed"}},{"Type":"Standard","SubType":"","Description":"Scale","ID":"BL_7VsF6v3LlHAdLQa","BlockElements":[{"Type":"Question","QuestionID":"QID6"},{"Type":"Question","QuestionID":"QID7"},{"Type":"Question","QuestionID":"QID8"},{"Type":"Question","QuestionID":"QID9"},{"Type":"Question","QuestionID":"QID10"},{"Type":"Question","QuestionID":"QID11"},{"Type":"Question","QuestionID":"QID12"},{"Type":"Question","QuestionID":"QID13"},{"Type":"Question","QuestionID":"QID14"},{"Type":"Question","QuestionID":"QID15"},{"Type":"Question","QuestionID":"QID16"},{"Type":"Question","QuestionID":"QID17"},{"Type":"Question","QuestionID":"QID18"}],"Options":{"BlockLocking":"false","RandomizeQuestions":"false","BlockVisibility":"Collapsed"}},{"Type":"Standard","SubType":"","Description":"Data Decision","ID":"BL_cUsbIkM7gNsAGZE","BlockElements":[{"Type":"Question","QuestionID":"QID30"}],"Options":{"BlockLocking":"false","RandomizeQuestions":"false","BlockVisibility":"Collapsed"}}]},{"SurveyID":"SV_bl5obktAOm1MJn0","Element":"FL","PrimaryAttribute":"Survey Flow","SecondaryAttribute":null,"TertiaryAttribute":null,"Payload":{"Flow":[{"ID":"BL_cwP4ZAeUKpb8LgG","Type":"Standard","FlowID":"FL_3"},{"ID":"BL_e9f6gOdD0IpAgN8","Type":"Block","FlowID":"FL_2"},{"ID":"BL_5bEcJXuFIWu5PZc","Type":"Standard","FlowID":"FL_4"},{"ID":"BL_7VsF6v3LlHAdLQa","Type":"Standard","FlowID":"FL_5"},{"ID":"BL_cUsbIkM7gNsAGZE","Type":"Standard","FlowID":"FL_6"}],"Properties":{"Count":6},"FlowID":"FL_1","Type":"Root"}},{"SurveyID":"SV_bl5obktAOm1MJn0","Element":"PL","PrimaryAttribute":"Preview Link","SecondaryAttribute":null,"TertiaryAttribute":null,"Payload":{"PreviewType":"Brand","PreviewID":"a1a3d8e7-96d0-413b-92b3-cbe43ffc36a2"}},{"SurveyID":"SV_bl5obktAOm1MJn0","Element":"PROJ","PrimaryAttribute":"CORE","SecondaryAttribute":null,"TertiaryAttribute":"1.1.0","Payload":{"ProjectCategory":"CORE","SchemaVersion":"1.1.0"}},{"SurveyID":"SV_bl5obktAOm1MJn0","Element":"QC","PrimaryAttribute":"Survey Question Count","SecondaryAttribute":"30","TertiaryAttribute":null,"Payload":null},{"SurveyID":"SV_bl5obktAOm1MJn0","Element":"RS","PrimaryAttribute":"RS_0VvF3E9lx5ji8Mm","SecondaryAttribute":"Default Response Set","TertiaryAttribute":null,"Payload":null},{"SurveyID":"SV_bl5obktAOm1MJn0","Element":"SCO","PrimaryAttribute":"Scoring","SecondaryAttribute":null,"TertiaryAttribute":null,"Payload":{"ScoringCategories":[],"ScoringCategoryGroups":[],"ScoringSummaryCategory":null,"ScoringSummaryAfterQuestions":0,"ScoringSummaryAfterSurvey":0,"DefaultScoringCategory":null,"AutoScoringCategory":null}},{"SurveyID":"SV_bl5obktAOm1MJn0","Element":"SO","PrimaryAttribute":"Survey Options","SecondaryAttribute":null,"TertiaryAttribute":null,"Payload":{"BackButton":"false","SaveAndContinue":"true","SurveyProtection":"PublicSurvey","BallotBoxStuffingPrevention":"false","NoIndex":"Yes","SecureResponseFiles":"true","SurveyExpiration":"None","SurveyTermination":"DefaultMessage","Header":"","Footer":"","ProgressBarDisplay":"None","PartialData":"+1 week","ValidationMessage":"","PreviousButton":"","NextButton":"","SurveyTitle":"Qualtrics Survey | Qualtrics Experience Management","SkinLibrary":"Qualtrics","SkinType":"templated","Skin":{"brandingId":null,"templateId":"*base","overrides":null},"NewScoring":1,"SurveyMetaDescription":"The most powerful, simple and trusted way to gather experience data. Start your journey to experience management and try a free account today."}},{"SurveyID":"SV_bl5obktAOm1MJn0","Element":"SQ","PrimaryAttribute":"QID1","SecondaryAttribute":"What is your age?","TertiaryAttribute":null,"Payload":{"QuestionText":"What is your age?<br>","DefaultChoices":false,"DataExportTag":"age ","QuestionID":"QID1","QuestionType":"TE","Selector":"SL","DataVisibility":{"Private":false,"Hidden":false},"Configuration":{"QuestionDescriptionOption":"UseText","InputWidth":178,"InputHeight":29},"QuestionDescription":"What is your age?","Validation":{"Settings":{"ForceResponse":"OFF","Type":"None"}},"GradingData":[],"Language":[],"NextChoiceId":4,"NextAnswerId":1,"SearchSource":{"AllowFreeResponse":"false"}}},{"SurveyID":"SV_bl5obktAOm1MJn0","Element":"SQ","PrimaryAttribute":"QID10","SecondaryAttribute":"I would like to see how bodies are prepared for funerals.","TertiaryAttribute":null,"Payload":{"QuestionText":"I would like to see how bodies are prepared for funerals.","DefaultChoices":false,"DataExportTag":"B4","QuestionID":"QID10","QuestionType":"MC","Selector":"SAHR","SubSelector":"TX","DataVisibility":{"Private":false,"Hidden":false},"Configuration":{"QuestionDescriptionOption":"UseText","LabelPosition":"BELOW"},"QuestionDescription":"I would like to see how bodies are prepared for funerals.","Choices":{"1":{"Display":"Strongly Disagree"},"2":{"Display":"Disagree"},"3":{"Display":"Somewhat Disagree"},"4":{"Display":"Somewhat agree"},"5":{"Display":"Agree"},"6":{"Display":"Strongly Agree"}},"ChoiceOrder":[1,2,3,4,5,6],"Validation":{"Settings":{"ForceResponse":"OFF","Type":"None"}},"GradingData":[],"Language":[],"NextChoiceId":7,"NextAnswerId":1}},{"SurveyID":"SV_bl5obktAOm1MJn0","Element":"SQ","PrimaryAttribute":"QID11","SecondaryAttribute":"I think the preservation of bodies, like in taxidermy or mummification, is interesting.","TertiaryAttribute":null,"Payload":{"QuestionText":"I think the preservation of bodies, like in taxidermy or mummification, is interesting.","DefaultChoices":false,"DataExportTag":"B5","QuestionID":"QID11","QuestionType":"MC","Selector":"SAHR","SubSelector":"TX","DataVisibility":{"Private":false,"Hidden":false},"Configuration":{"QuestionDescriptionOption":"UseText","LabelPosition":"BELOW"},"QuestionDescription":"I think the preservation of bodies, like in taxidermy or mummification, is interesting.","Choices":{"1":{"Display":"Strongly Disagree"},"2":{"Display":"Disagree"},"3":{"Display":"Somewhat Disagree"},"4":{"Display":"Somewhat agree"},"5":{"Display":"Agree"},"6":{"Display":"Strongly Agree"}},"ChoiceOrder":[1,2,3,4,5,6],"Validation":{"Settings":{"ForceResponse":"OFF","Type":"None"}},"GradingData":[],"Language":[],"NextChoiceId":7,"NextAnswerId":1}},{"SurveyID":"SV_bl5obktAOm1MJn0","Element":"SQ","PrimaryAttribute":"QID12","SecondaryAttribute":"I am curious what the deadliest toxin in the world, would do to the body.","TertiaryAttribute":null,"Payload":{"QuestionText":"I am curious what the deadliest toxin in the world, would do to the body.","DefaultChoices":false,"DataExportTag":"B6","QuestionID":"QID12","QuestionType":"MC","Selector":"SAHR","SubSelector":"TX","DataVisibility":{"Private":false,"Hidden":false},"Configuration":{"QuestionDescriptionOption":"UseText","LabelPosition":"BELOW"},"QuestionDescription":"I am curious what the deadliest toxin in the world, would do to the body.","Choices":{"1":{"Display":"Strongly Disagree"},"2":{"Display":"Disagree"},"3":{"Display":"Somewhat Disagree"},"4":{"Display":"Somewhat agree"},"5":{"Display":"Agree"},"6":{"Display":"Strongly Agree"}},"ChoiceOrder":[1,2,3,4,5,6],"Validation":{"Settings":{"ForceResponse":"OFF","Type":"None"}},"GradingData":[],"Language":[],"NextChoiceId":7,"NextAnswerId":1}},{"SurveyID":"SV_bl5obktAOm1MJn0","Element":"SQ","PrimaryAttribute":"QID13","SecondaryAttribute":"I am curious about crime and enjoy reading detailed news accounts about murders and other violent...","TertiaryAttribute":null,"Payload":{"QuestionText":"I am curious about crime and enjoy reading detailed news accounts about murders and other violent crimes.","DefaultChoices":false,"DataExportTag":"M1","QuestionID":"QID13","QuestionType":"MC","Selector":"SAHR","SubSelector":"TX","DataVisibility":{"Private":false,"Hidden":false},"Configuration":{"QuestionDescriptionOption":"UseText","LabelPosition":"BELOW"},"QuestionDescription":"I am curious about crime and enjoy reading detailed news accounts about murders and other violent...","Choices":{"1":{"Display":"Strongly Disagree"},"2":{"Display":"Disagree"},"3":{"Display":"Somewhat Disagree"},"4":{"Display":"Somewhat agree"},"5":{"Display":"Agree"},"6":{"Display":"Strongly Agree"}},"ChoiceOrder":[1,2,3,4,5,6],"Validation":{"Settings":{"ForceResponse":"OFF","Type":"None"}},"GradingData":[],"Language":[],"NextChoiceId":7,"NextAnswerId":1}},{"SurveyID":"SV_bl5obktAOm1MJn0","Element":"SQ","PrimaryAttribute":"QID14","SecondaryAttribute":"I would be interested in watching a documentary on motives behind real murders.","TertiaryAttribute":null,"Payload":{"QuestionText":"I would be interested in watching a documentary on motives behind real murders.","DefaultChoices":false,"DataExportTag":"M2","QuestionID":"QID14","QuestionType":"MC","Selector":"SAHR","SubSelector":"TX","DataVisibility":{"Private":false,"Hidden":false},"Configuration":{"QuestionDescriptionOption":"UseText","LabelPosition":"BELOW"},"QuestionDescription":"I would be interested in watching a documentary on motives behind real murders.","Choices":{"1":{"Display":"Strongly Disagree"},"2":{"Display":"Disagree"},"3":{"Display":"Somewhat Disagree"},"4":{"Display":"Somewhat agree"},"5":{"Display":"Agree"},"6":{"Display":"Strongly Agree"}},"ChoiceOrder":[1,2,3,4,5,6],"Validation":{"Settings":{"ForceResponse":"OFF","Type":"None"}},"GradingData":[],"Language":[],"NextChoiceId":7,"NextAnswerId":1}},{"SurveyID":"SV_bl5obktAOm1MJn0","Element":"SQ","PrimaryAttribute":"QID15","SecondaryAttribute":"My favorite part of a crime show is learning about why the killer did what he did.","TertiaryAttribute":null,"Payload":{"QuestionText":"My favorite part of a crime show is learning about why the killer did what he did.","DefaultChoices":false,"DataExportTag":"M3","QuestionID":"QID15","QuestionType":"MC","Selector":"SAHR","SubSelector":"TX","DataVisibility":{"Private":false,"Hidden":false},"Configuration":{"QuestionDescriptionOption":"UseText","LabelPosition":"BELOW"},"QuestionDescription":"My favorite part of a crime show is learning about why the killer did what he did.","Choices":{"1":{"Display":"Strongly Disagree"},"2":{"Display":"Disagree"},"3":{"Display":"Somewhat Disagree"},"4":{"Display":"Somewhat agree"},"5":{"Display":"Agree"},"6":{"Display":"Strongly Agree"}},"ChoiceOrder":[1,2,3,4,5,6],"Validation":{"Settings":{"ForceResponse":"OFF","Type":"None"}},"GradingData":[],"Language":[],"NextChoiceId":7,"NextAnswerId":1}},{"SurveyID":"SV_bl5obktAOm1MJn0","Element":"SQ","PrimaryAttribute":"QID16","SecondaryAttribute":"I would be interested in watching an interview with an imprisoned serial killer talking about his...","TertiaryAttribute":null,"Payload":{"QuestionText":"I would be interested in watching an interview with an imprisoned serial killer talking about his crimes.","DefaultChoices":false,"DataExportTag":"M4","QuestionID":"QID16","QuestionType":"MC","Selector":"SAHR","SubSelector":"TX","DataVisibility":{"Private":false,"Hidden":false},"Configuration":{"QuestionDescriptionOption":"UseText","LabelPosition":"BELOW"},"QuestionDescription":"I would be interested in watching an interview with an imprisoned serial killer talking about his...","Choices":{"1":{"Display":"Strongly Disagree"},"2":{"Display":"Disagree"},"3":{"Display":"Somewhat Disagree"},"4":{"Display":"Somewhat agree"},"5":{"Display":"Agree"},"6":{"Display":"Strongly Agree"}},"ChoiceOrder":[1,2,3,4,5,6],"Validation":{"Settings":{"ForceResponse":"OFF","Type":"None"}},"GradingData":[],"Language":[],"NextChoiceId":7,"NextAnswerId":1}},{"SurveyID":"SV_bl5obktAOm1MJn0","Element":"SQ","PrimaryAttribute":"QID17","SecondaryAttribute":"Being a criminal profiler who studies the personality of murderers would be an interesting job.","TertiaryAttribute":null,"Payload":{"QuestionText":"Being a criminal profiler who studies the personality of murderers would be an interesting job.","DefaultChoices":false,"DataExportTag":"M5","QuestionID":"QID17","QuestionType":"MC","Selector":"SAHR","SubSelector":"TX","DataVisibility":{"Private":false,"Hidden":false},"Configuration":{"QuestionDescriptionOption":"UseText","LabelPosition":"BELOW"},"QuestionDescription":"Being a criminal profiler who studies the personality of murderers would be an interesting job.","Choices":{"1":{"Display":"Strongly Disagree"},"2":{"Display":"Disagree"},"3":{"Display":"Somewhat Disagree"},"4":{"Display":"Somewhat agree"},"5":{"Display":"Agree"},"6":{"Display":"Strongly Agree"}},"ChoiceOrder":[1,2,3,4,5,6],"Validation":{"Settings":{"ForceResponse":"OFF","Type":"None"}},"GradingData":[],"Language":[],"NextChoiceId":7,"NextAnswerId":1}},{"SurveyID":"SV_bl5obktAOm1MJn0","Element":"SQ","PrimaryAttribute":"QID18","SecondaryAttribute":"I am curious about the minds of violent people.","TertiaryAttribute":null,"Payload":{"QuestionText":"I am curious about the minds of violent people.","DefaultChoices":false,"DataExportTag":"M6","QuestionID":"QID18","QuestionType":"MC","Selector":"SAHR","SubSelector":"TX","DataVisibility":{"Private":false,"Hidden":false},"Configuration":{"QuestionDescriptionOption":"UseText","LabelPosition":"BELOW"},"QuestionDescription":"I am curious about the minds of violent people.","Choices":{"1":{"Display":"Strongly Disagree"},"2":{"Display":"Disagree"},"3":{"Display":"Somewhat Disagree"},"4":{"Display":"Somewhat agree"},"5":{"Display":"Agree"},"6":{"Display":"Strongly Agree"}},"ChoiceOrder":[1,2,3,4,5,6],"Validation":{"Settings":{"ForceResponse":"OFF","Type":"None"}},"GradingData":[],"Language":[],"NextChoiceId":7,"NextAnswerId":1}},{"SurveyID":"SV_bl5obktAOm1MJn0","Element":"SQ","PrimaryAttribute":"QID19","SecondaryAttribute":"I think the supernatural is an interesting topic.","TertiaryAttribute":null,"Payload":{"ChoiceOrder":[1],"Choices":{"1":{"Display":"Strongly Disagree"}},"Configuration":{"CSSliderMax":6,"CSSliderMin":1,"CustomStart":true,"GridLines":5,"MobileFirst":true,"NotApplicable":false,"NumDecimals":"0","QuestionDescriptionOption":"UseText","ShowValue":true,"SliderStartPositions":{"1":1},"SnapToGrid":false},"DataExportTag":"P1","DataVisibility":{"Hidden":false,"Private":false},"DefaultChoices":false,"GradingData":[],"Labels":[],"Language":[],"NextAnswerId":1,"NextChoiceId":2,"QuestionDescription":"I think the supernatural is an interesting topic.","QuestionID":"QID19","QuestionText":"I think the supernatural is an interesting topic.","QuestionText_Unsafe":"I think the supernatural is an interesting topic.","QuestionType":"Slider","Selector":"HSLIDER","Validation":{"Settings":{"ForceResponse":"OFF","Type":"None"}}}},{"SurveyID":"SV_bl5obktAOm1MJn0","Element":"SQ","PrimaryAttribute":"QID2","SecondaryAttribute":"What is your ethnicity?","TertiaryAttribute":null,"Payload":{"QuestionText":"What is your ethnicity?","DataExportTag":"ethnicity","QuestionType":"MC","Selector":"SAVR","SubSelector":"TX","DataVisibility":{"Private":false,"Hidden":false},"Configuration":{"QuestionDescriptionOption":"UseText"},"QuestionDescription":"What is your ethnicity?","Choices":{"1":{"Display":"White"},"2":{"Display":"Black or African American"},"3":{"Display":"American Indian or Alaska Native"},"4":{"Display":"Asian"},"5":{"Display":"Native Hawaiian or Pacific Islander"},"6":{"Display":"Other","TextEntry":"true"}},"ChoiceOrder":[1,2,3,4,5,6],"Validation":{"Settings":{"ForceResponse":"OFF","Type":"None"}},"Language":[],"NextChoiceId":7,"NextAnswerId":1,"QuestionID":"QID2"}},{"SurveyID":"SV_bl5obktAOm1MJn0","Element":"SQ","PrimaryAttribute":"QID20","SecondaryAttribute":"I would be interested in attending or watching a video of an exorcism.","TertiaryAttribute":null,"Payload":{"ChoiceOrder":[1],"Choices":{"1":{"Display":"Strongly Disagree"}},"Configuration":{"CSSliderMax":6,"CSSliderMin":1,"CustomStart":true,"GridLines":5,"MobileFirst":true,"NotApplicable":false,"NumDecimals":"0","QuestionDescriptionOption":"UseText","ShowValue":true,"SliderStartPositions":{"1":1},"SnapToGrid":false},"DataExportTag":"P2","DataVisibility":{"Hidden":false,"Private":false},"DefaultChoices":false,"GradingData":[],"Labels":[],"Language":[],"NextAnswerId":1,"NextChoiceId":2,"QuestionDescription":"I would be interested in attending or watching a video of an exorcism.","QuestionID":"QID20","QuestionText":"I would be interested in attending or watching a video of an exorcism.","QuestionText_Unsafe":"I would be interested in attending or watching a video of an exorcism.","QuestionType":"Slider","Selector":"HSLIDER","Validation":{"Settings":{"ForceResponse":"OFF","Type":"None"}}}},{"SurveyID":"SV_bl5obktAOm1MJn0","Element":"SQ","PrimaryAttribute":"QID21","SecondaryAttribute":"I find the Occult interesting. (supernatural, mystical, or magical beliefs, practices, or phenomena)","TertiaryAttribute":null,"Payload":{"ChoiceOrder":[1],"Choices":{"1":{"Display":"Strongly Disagree"}},"Configuration":{"CSSliderMax":6,"CSSliderMin":1,"CustomStart":true,"GridLines":5,"MobileFirst":true,"NotApplicable":false,"NumDecimals":"0","QuestionDescriptionOption":"UseText","ShowValue":true,"SliderStartPositions":{"1":1},"SnapToGrid":false},"DataExportTag":"P3","DataVisibility":{"Hidden":false,"Private":false},"DefaultChoices":false,"GradingData":[],"Labels":[],"Language":[],"NextAnswerId":1,"NextChoiceId":2,"QuestionDescription":"I find the Occult interesting. (supernatural, mystical, or magical beliefs, practices, or phenomena)","QuestionID":"QID21","QuestionText":"I find the Occult interesting. (supernatural, mystical, or magical beliefs, practices, or phenomena)","QuestionText_Unsafe":"I find the Occult interesting. (supernatural, mystical, or magical beliefs, practices, or phenomena)","QuestionType":"Slider","Selector":"HSLIDER","Validation":{"Settings":{"ForceResponse":"OFF","Type":"None"}}}},{"SurveyID":"SV_bl5obktAOm1MJn0","Element":"SQ","PrimaryAttribute":"QID22","SecondaryAttribute":"A documentary on Voodoo would interest me.","TertiaryAttribute":null,"Payload":{"ChoiceOrder":[1],"Choices":{"1":{"Display":"Strongly Disagree"}},"Configuration":{"CSSliderMax":6,"CSSliderMin":1,"CustomStart":true,"GridLines":5,"MobileFirst":true,"NotApplicable":false,"NumDecimals":"0","QuestionDescriptionOption":"UseText","ShowValue":true,"SliderStartPositions":{"1":1},"SnapToGrid":false},"DataExportTag":"P4","DataVisibility":{"Hidden":false,"Private":false},"DefaultChoices":false,"GradingData":[],"Labels":[],"Language":[],"NextAnswerId":1,"NextChoiceId":2,"QuestionDescription":"A documentary on Voodoo would interest me.","QuestionID":"QID22","QuestionText":"A documentary on Voodoo would interest me.","QuestionText_Unsafe":"A documentary on Voodoo would interest me.","QuestionType":"Slider","Selector":"HSLIDER","Validation":{"Settings":{"ForceResponse":"OFF","Type":"None"}}}},{"SurveyID":"SV_bl5obktAOm1MJn0","Element":"SQ","PrimaryAttribute":"QID23","SecondaryAttribute":"I think witchcraft would be an interesting topic to learn about.","TertiaryAttribute":null,"Payload":{"ChoiceOrder":[1],"Choices":{"1":{"Display":"Strongly Disagree"}},"Configuration":{"CSSliderMax":6,"CSSliderMin":1,"CustomStart":true,"GridLines":5,"MobileFirst":true,"NotApplicable":false,"NumDecimals":"0","QuestionDescriptionOption":"UseText","ShowValue":true,"SliderStartPositions":{"1":1},"SnapToGrid":false},"DataExportTag":"P5","DataVisibility":{"Hidden":false,"Private":false},"DefaultChoices":false,"GradingData":[],"Labels":[],"Language":[],"NextAnswerId":1,"NextChoiceId":2,"QuestionDescription":"I think witchcraft would be an interesting topic to learn about.","QuestionID":"QID23","QuestionText":"I think witchcraft would be an interesting topic to learn about.","QuestionText_Unsafe":"I think witchcraft would be an interesting topic to learn about.","QuestionType":"Slider","Selector":"HSLIDER","Validation":{"Settings":{"ForceResponse":"OFF","Type":"None"}}}},{"SurveyID":"SV_bl5obktAOm1MJn0","Element":"SQ","PrimaryAttribute":"QID24","SecondaryAttribute":"If I lived in Medieval Europe, I would be interested in attending a public execution.","TertiaryAttribute":null,"Payload":{"ChoiceOrder":[1],"Choices":{"1":{"Display":"Strongly Disagree"}},"Configuration":{"CSSliderMax":6,"CSSliderMin":1,"CustomStart":true,"GridLines":5,"MobileFirst":true,"NotApplicable":false,"NumDecimals":"0","QuestionDescriptionOption":"UseText","ShowValue":true,"SliderStartPositions":{"1":1},"SnapToGrid":false},"DataExportTag":"V1","DataVisibility":{"Hidden":false,"Private":false},"DefaultChoices":false,"GradingData":[],"Labels":[],"Language":[],"NextAnswerId":1,"NextChoiceId":2,"QuestionDescription":"If I lived in Medieval Europe, I would be interested in attending a public execution.","QuestionID":"QID24","QuestionText":"If I lived in Medieval Europe, I would be interested in attending a public execution.","QuestionText_Unsafe":"If I lived in Medieval Europe, I would be interested in attending a public execution.","QuestionType":"Slider","Selector":"HSLIDER","Validation":{"Settings":{"ForceResponse":"OFF","Type":"None"}}}},{"SurveyID":"SV_bl5obktAOm1MJn0","Element":"SQ","PrimaryAttribute":"QID25","SecondaryAttribute":"If I lived in Ancient Rome, I would be interested in attending a gladiatorial fight.","TertiaryAttribute":null,"Payload":{"ChoiceOrder":[1],"Choices":{"1":{"Display":"Strongly Disagree"}},"Configuration":{"CSSliderMax":6,"CSSliderMin":1,"CustomStart":true,"GridLines":5,"MobileFirst":true,"NotApplicable":false,"NumDecimals":"0","QuestionDescriptionOption":"UseText","ShowValue":true,"SliderStartPositions":{"1":1},"SnapToGrid":false},"DataExportTag":"V2","DataVisibility":{"Hidden":false,"Private":false},"DefaultChoices":false,"GradingData":[],"Labels":[],"Language":[],"NextAnswerId":1,"NextChoiceId":2,"QuestionDescription":"If I lived in Ancient Rome, I would be interested in attending a gladiatorial fight.","QuestionID":"QID25","QuestionText":"If I lived in Ancient Rome, I would be interested in attending a gladiatorial fight.","QuestionText_Unsafe":"If I lived in Ancient Rome, I would be interested in attending a gladiatorial fight.","QuestionType":"Slider","Selector":"HSLIDER","Validation":{"Settings":{"ForceResponse":"OFF","Type":"None"}}}},{"SurveyID":"SV_bl5obktAOm1MJn0","Element":"SQ","PrimaryAttribute":"QID26","SecondaryAttribute":"If I saw a street fight break out and knew I could not intervene, I would try to watch it.","TertiaryAttribute":null,"Payload":{"ChoiceOrder":[1],"Choices":{"1":{"Display":"Strongly Disagree"}},"Configuration":{"CSSliderMax":6,"CSSliderMin":1,"CustomStart":true,"GridLines":5,"MobileFirst":true,"NotApplicable":false,"NumDecimals":"0","QuestionDescriptionOption":"UseText","ShowValue":true,"SliderStartPositions":{"1":1},"SnapToGrid":false},"DataExportTag":"V3","DataVisibility":{"Hidden":false,"Private":false},"DefaultChoices":false,"GradingData":[],"Labels":[],"Language":[],"NextAnswerId":1,"NextChoiceId":2,"QuestionDescription":"If I saw a street fight break out and knew I could not intervene, I would try to watch it.","QuestionID":"QID26","QuestionText":"If I saw a street fight break out and knew I could not intervene, I would try to watch it.","QuestionText_Unsafe":"If I saw a street fight break out and knew I could not intervene, I would try to watch it.","QuestionType":"Slider","Selector":"HSLIDER","Validation":{"Settings":{"ForceResponse":"OFF","Type":"None"}}}},{"SurveyID":"SV_bl5obktAOm1MJn0","Element":"SQ","PrimaryAttribute":"QID27","SecondaryAttribute":"I would be curious enough to watch a duel if I lived in the Wild West.","TertiaryAttribute":null,"Payload":{"ChoiceOrder":[1],"Choices":{"1":{"Display":"Strongly Disagree"}},"Configuration":{"CSSliderMax":6,"CSSliderMin":1,"CustomStart":true,"GridLines":5,"MobileFirst":true,"NotApplicable":false,"NumDecimals":"0","QuestionDescriptionOption":"UseText","ShowValue":true,"SliderStartPositions":{"1":1},"SnapToGrid":false},"DataExportTag":"V4","DataVisibility":{"Hidden":false,"Private":false},"DefaultChoices":false,"GradingData":[],"Labels":[],"Language":[],"NextAnswerId":1,"NextChoiceId":2,"QuestionDescription":"I would be curious enough to watch a duel if I lived in the Wild West.","QuestionID":"QID27","QuestionText":"I would be curious enough to watch a duel if I lived in the Wild West.","QuestionText_Unsafe":"I would be curious enough to watch a duel if I lived in the Wild West.","QuestionType":"Slider","Selector":"HSLIDER","Validation":{"Settings":{"ForceResponse":"OFF","Type":"None"}}}},{"SurveyID":"SV_bl5obktAOm1MJn0","Element":"SQ","PrimaryAttribute":"QID28","SecondaryAttribute":"I prefer violent movies and TV shows to be uncensored.","TertiaryAttribute":null,"Payload":{"ChoiceOrder":[1],"Choices":{"1":{"Display":"Strongly Disagree"}},"Configuration":{"CSSliderMax":6,"CSSliderMin":1,"CustomStart":true,"GridLines":5,"MobileFirst":true,"NotApplicable":false,"NumDecimals":"0","QuestionDescriptionOption":"UseText","ShowValue":true,"SliderStartPositions":{"1":1},"SnapToGrid":false},"DataExportTag":"V5","DataVisibility":{"Hidden":false,"Private":false},"DefaultChoices":false,"GradingData":[],"Labels":[],"Language":[],"NextAnswerId":1,"NextChoiceId":2,"QuestionDescription":"I prefer violent movies and TV shows to be uncensored.","QuestionID":"QID28","QuestionText":"I prefer violent movies and TV shows to be uncensored.","QuestionText_Unsafe":"I prefer violent movies and TV shows to be uncensored.","QuestionType":"Slider","Selector":"HSLIDER","Validation":{"Settings":{"ForceResponse":"OFF","Type":"None"}}}},{"SurveyID":"SV_bl5obktAOm1MJn0","Element":"SQ","PrimaryAttribute":"QID29","SecondaryAttribute":"I am curious what a battle looked like in the Middle Ages.","TertiaryAttribute":null,"Payload":{"ChoiceOrder":[1],"Choices":{"1":{"Display":"Strongly Disagree"}},"Configuration":{"CSSliderMax":6,"CSSliderMin":1,"CustomStart":true,"GridLines":5,"MobileFirst":true,"NotApplicable":false,"NumDecimals":"0","QuestionDescriptionOption":"UseText","ShowValue":true,"SliderStartPositions":{"1":1},"SnapToGrid":false},"DataExportTag":"V6","DataVisibility":{"Hidden":false,"Private":false},"DefaultChoices":false,"GradingData":[],"Labels":[],"Language":[],"NextAnswerId":1,"NextChoiceId":2,"QuestionDescription":"I am curious what a battle looked like in the Middle Ages.","QuestionID":"QID29","QuestionText":"I am curious what a battle looked like in the Middle Ages.","QuestionText_Unsafe":"I am curious what a battle looked like in the Middle Ages.","QuestionType":"Slider","Selector":"HSLIDER","Validation":{"Settings":{"ForceResponse":"OFF","Type":"None"}}}},{"SurveyID":"SV_bl5obktAOm1MJn0","Element":"SQ","PrimaryAttribute":"QID3","SecondaryAttribute":"What is your gender identity?","TertiaryAttribute":null,"Payload":{"QuestionText":"What is your gender identity?","DataExportTag":"gender","QuestionType":"MC","Selector":"SAVR","SubSelector":"TX","DataVisibility":{"Private":false,"Hidden":false},"Configuration":{"QuestionDescriptionOption":"UseText","Autoscale":{"YScale":{"Name":"maleFemale","Type":"likert","Reverse":false}}},"QuestionDescription":"What is your gender identity?","Choices":{"1":{"Display":"Male"},"2":{"Display":"Female"},"3":{"Display":"Non-binary \/ third gender"},"4":{"Display":"Prefer not to say"},"5":{"Display":"Other","TextEntry":"true"}},"ChoiceOrder":[1,2,3,4,5],"Validation":{"Settings":{"ForceResponse":"OFF","Type":"None"}},"Language":[],"NextChoiceId":6,"NextAnswerId":1,"QuestionID":"QID3"}},{"SurveyID":"SV_bl5obktAOm1MJn0","Element":"SQ","PrimaryAttribute":"QID30","SecondaryAttribute":"Would you like to keep your data in the analysis or would you like to be deleted?","TertiaryAttribute":null,"Payload":{"QuestionText":"Would you like to keep your data in the analysis or would you like to be deleted?","DefaultChoices":false,"DataExportTag":"data","QuestionType":"MC","Selector":"SAVR","SubSelector":"TX","DataVisibility":{"Private":false,"Hidden":false},"Configuration":{"QuestionDescriptionOption":"UseText"},"QuestionDescription":"Would you like to keep your data in the analysis or would you like to be deleted?","Choices":{"1":{"Display":"No, please keep my data"},"2":{"Display":"Yes, please DELETE my data"}},"ChoiceOrder":[1,2],"Validation":{"Settings":{"ForceResponse":"OFF","Type":"None"}},"GradingData":[],"Language":[],"NextChoiceId":3,"NextAnswerId":1,"QuestionID":"QID30"}},{"SurveyID":"SV_bl5obktAOm1MJn0","Element":"SQ","PrimaryAttribute":"QID4","SecondaryAttribute":"Sit quisque ante ultrices sem; nisl, congue aenean torquent sed massa; nullam auctor habitant. Ma...","TertiaryAttribute":null,"Payload":{"QuestionText":"Sit quisque ante ultrices sem; nisl, congue aenean torquent sed massa; nullam auctor\nhabitant. Massa pulvinar vitae penatibus dictumst cum bibendum erat sociosqu\ninterdum justo purus. Mollis praesent vivamus sapien ligula et magna habitasse\nvarius! Feugiat orci tempor \u2013 egestas justo pharetra a interdum potenti! Ad turpis\norci, sem nibh: tempor, vel malesuada volutpat nostra nulla. Suscipit fusce quam\ntincidunt vitae; malesuada massa commodo. Interdum aliquet a nulla tincidunt in,\njusto cubilia odio, molestie morbi ac magna fames sagittis. Tortor curabitur primis\nsenectus lobortis, condimentum purus augue. Potenti sagittis lacus et diam arcu\nnatoque etiam hac. Eros diam imperdiet etiam consequat?<br>","DefaultChoices":false,"DataExportTag":"consent","QuestionType":"MC","Selector":"SAVR","SubSelector":"TX","DataVisibility":{"Private":false,"Hidden":false},"Configuration":{"QuestionDescriptionOption":"UseText"},"QuestionDescription":"Sit quisque ante ultrices sem; nisl, congue aenean torquent sed massa; nullam auctor habitant. Ma...","Choices":{"1":{"Display":"Yes, I consent"},"2":{"Display":"No, I do not consent"}},"ChoiceOrder":[1,2],"Validation":{"Settings":{"ForceResponse":"OFF","Type":"None"}},"GradingData":[],"Language":[],"NextChoiceId":3,"NextAnswerId":1,"QuestionID":"QID4"}},{"SurveyID":"SV_bl5obktAOm1MJn0","Element":"SQ","PrimaryAttribute":"QID5","SecondaryAttribute":"List all graduate schools that you have attended and indicate your current status in that program. ","TertiaryAttribute":null,"Payload":{"ChoiceOrder":["4","5","6","7"],"Choices":{"4":{"Display":"School 1","TextEntry":"on","InputHeight":29,"InputWidth":184,"TextEntryLength":"Long"},"5":{"Display":"School 2","TextEntry":"on","InputHeight":29,"InputWidth":182,"TextEntryLength":"Long"},"6":{"Display":"School 3","TextEntry":"on","InputHeight":29,"InputWidth":180,"TextEntryLength":"Long"},"7":{"Display":"School 4","TextEntry":"on","InputHeight":29,"InputWidth":184,"TextEntryLength":"Long"}},"Configuration":{"QuestionDescriptionOption":"UseText"},"DataExportTag":"Grad School List ","DataVisibility":{"Hidden":false,"Private":false},"DefaultChoices":false,"GradingData":[],"Language":[],"NextAnswerId":1,"NextChoiceId":8,"QuestionDescription":"List all graduate schools that you have attended and indicate your current status in that program. ","QuestionID":"QID5","QuestionText":"List all graduate schools that you have attended and indicate your current status in that program.&nbsp;","QuestionText_Unsafe":"List all graduate schools that you have attended and indicate your current status in that program.&nbsp;<i>(If you have attended more than 3 programs, please include additional information in the notes section.)<\/i>","QuestionType":"TE","SearchSource":{"AllowFreeResponse":"false"},"Selector":"FORM","Validation":{"Settings":{"ForceResponse":"OFF"}}}},{"SurveyID":"SV_bl5obktAOm1MJn0","Element":"SQ","PrimaryAttribute":"QID6","SecondaryAttribute":"Below are a set of statements along with a rating scale. Please rate your agreement\/disagreement...","TertiaryAttribute":null,"Payload":{"ChoiceOrder":[],"Choices":[],"Configuration":{"QuestionDescriptionOption":"UseText"},"DataExportTag":"MC_Instructions","DataVisibility":{"Hidden":false,"Private":false},"Language":[],"NextAnswerId":1,"NextChoiceId":1,"QuestionDescription":"Below are a set of statements along with a rating scale. Please rate your agreement\/disagreement...","QuestionID":"QID6","QuestionText":"Below are a set of statements along with a rating scale. Please rate your agreement\/disagreement on these topics from\n<br><br>1 - Strongly disagree\n<br>2 - Disagree\n<br>3 - Somewhat disagree\n<br>4 - Somewhat agree\n<br>5 - Agree\n<br>6 - Strongly agree","QuestionText_Unsafe":"Below are a set of statements along with a rating scale. Please rate your agreement\/disagreement on these topics from\n<br><br>1-strongly disagree\n<br>2-Disagree\n<br>3-Somewhat disagree\n<br>4-Somewhat agree\n<br>5-Agree\n<br>6-Strongly agree","QuestionType":"MC","Selector":"SAVR","SubSelector":"TX","Validation":{"Settings":{"ForceResponse":"OFF","Type":"None"}}}},{"SurveyID":"SV_bl5obktAOm1MJn0","Element":"SQ","PrimaryAttribute":"QID7","SecondaryAttribute":"If a head transplant was possible, I would want to watch the procedure.","TertiaryAttribute":null,"Payload":{"ChoiceOrder":[1,2,3,4,5,6],"Choices":{"1":{"Display":"Strongly Disagree"},"2":{"Display":"Disagree"},"3":{"Display":"Somewhat Disagree"},"4":{"Display":"Somewhat agree"},"5":{"Display":"Agree"},"6":{"Display":"Strongly Agree"}},"Configuration":{"QuestionDescriptionOption":"UseText","LabelPosition":"BELOW"},"DataExportTag":"B1","DataVisibility":{"Hidden":false,"Private":false},"DefaultChoices":false,"GradingData":[],"Language":[],"NextAnswerId":1,"NextChoiceId":7,"QuestionDescription":"If a head transplant was possible, I would want to watch the procedure.","QuestionID":"QID7","QuestionText":"If a head transplant was possible, I would want to watch the procedure.","QuestionText_Unsafe":"If a head transplant was possible, I would want to watch the procedure.","QuestionType":"MC","Selector":"SAHR","SubSelector":"TX","Validation":{"Settings":{"ForceResponse":"OFF","Type":"None"}}}},{"SurveyID":"SV_bl5obktAOm1MJn0","Element":"SQ","PrimaryAttribute":"QID8","SecondaryAttribute":"I would be curious to see how an autopsy is performed.","TertiaryAttribute":null,"Payload":{"QuestionText":"I would be curious to see how an autopsy is performed.","DefaultChoices":false,"DataExportTag":"B2","QuestionID":"QID8","QuestionType":"MC","Selector":"SAHR","SubSelector":"TX","DataVisibility":{"Private":false,"Hidden":false},"Configuration":{"QuestionDescriptionOption":"UseText","LabelPosition":"BELOW"},"QuestionDescription":"I would be curious to see how an autopsy is performed.","Choices":{"1":{"Display":"Strongly Disagree"},"2":{"Display":"Disagree"},"3":{"Display":"Somewhat Disagree"},"4":{"Display":"Somewhat agree"},"5":{"Display":"Agree"},"6":{"Display":"Strongly Agree"}},"ChoiceOrder":[1,2,3,4,5,6],"Validation":{"Settings":{"ForceResponse":"OFF","Type":"None"}},"GradingData":[],"Language":[],"NextChoiceId":7,"NextAnswerId":1}},{"SurveyID":"SV_bl5obktAOm1MJn0","Element":"SQ","PrimaryAttribute":"QID9","SecondaryAttribute":"I am interested in seeing how limb amputation works.","TertiaryAttribute":null,"Payload":{"QuestionText":"I am interested in seeing how limb amputation works.","DefaultChoices":false,"DataExportTag":"B3","QuestionID":"QID9","QuestionType":"MC","Selector":"SAHR","SubSelector":"TX","DataVisibility":{"Private":false,"Hidden":false},"Configuration":{"QuestionDescriptionOption":"UseText","LabelPosition":"BELOW"},"QuestionDescription":"I am interested in seeing how limb amputation works.","Choices":{"1":{"Display":"Strongly Disagree"},"2":{"Display":"Disagree"},"3":{"Display":"Somewhat Disagree"},"4":{"Display":"Somewhat agree"},"5":{"Display":"Agree"},"6":{"Display":"Strongly Agree"}},"ChoiceOrder":[1,2,3,4,5,6],"Validation":{"Settings":{"ForceResponse":"OFF","Type":"None"}},"GradingData":[],"Language":[],"NextChoiceId":7,"NextAnswerId":1}},{"SurveyID":"SV_bl5obktAOm1MJn0","Element":"STAT","PrimaryAttribute":"Survey Statistics","SecondaryAttribute":null,"TertiaryAttribute":null,"Payload":{"MobileCompatible":true,"ID":"Survey Statistics"}}]}